
Microsoft Visual Studio Solution File, Format Version 12.00
# Visual Studio 2012
Project("{2150E333-8FDC-42A3-9474-1A3956D46DE8}") = "FrontEnd", "FrontEnd", "{C81EA3A8-F88D-4888-B46F-1A374E962D4F}"
EndProject
Project("{2150E333-8FDC-42A3-9474-1A3956D46DE8}") = "Core", "Core", "{D195ACD0-4BF7-4DEE-B205-08AE8467CFD8}"
EndProject
Project("{2150E333-8FDC-42A3-9474-1A3956D46DE8}") = "Basis", "Basis", "{CEAF8750-C755-4606-AE14-9EE53DB06F54}"
EndProject
Project("{2150E333-8FDC-42A3-9474-1A3956D46DE8}") = "GUI", "GUI", "{259895DB-CE13-45EA-84D8-BE5F7EB33092}"
EndProject
Project("{2150E333-8FDC-42A3-9474-1A3956D46DE8}") = "MVVM", "MVVM", "{D980EEA8-67AD-4093-90F1-7CB572B34C00}"
EndProject
Project("{FAE04EC0-301F-11D3-BF4B-00C04F79EFBC}") = "ViewModelHelpers", "ViewModelHelpers\ViewModelHelpers.csproj", "{80A418A5-AF73-47E0-A41E-9BF673F84C56}"
EndProject
Project("{FAE04EC0-301F-11D3-BF4B-00C04F79EFBC}") = "WeightNotes.FrontEnd", "WeightNotes\WeightNotes.FrontEnd.csproj", "{3B1FE719-ABC6-4DB6-8203-AD0E0A6295C5}"
EndProject
Project("{2150E333-8FDC-42A3-9474-1A3956D46DE8}") = "Library", "Library", "{B92EE42D-0667-403F-9A92-BAAFEBC43167}"
EndProject
Project("{2150E333-8FDC-42A3-9474-1A3956D46DE8}") = "UserControls", "UserControls", "{D1785EE6-F471-4BF2-BD82-8C75D28DB57C}"
EndProject
Project("{2150E333-8FDC-42A3-9474-1A3956D46DE8}") = "DataGrid", "DataGrid", "{5C544A65-FEFD-4C7A-A4DF-EBD67FFF3F5F}"
EndProject
Project("{FAE04EC0-301F-11D3-BF4B-00C04F79EFBC}") = "WeightNotes.Model", "WeightNotes-Model\WeightNotes.Model.csproj", "{3670DD86-B588-40B7-937A-2B2670C64FF0}"
EndProject
Global
	GlobalSection(SolutionConfigurationPlatforms) = preSolution
		Debug|Any CPU = Debug|Any CPU
		Release|Any CPU = Release|Any CPU
	EndGlobalSection
	GlobalSection(ProjectConfigurationPlatforms) = postSolution
		{80A418A5-AF73-47E0-A41E-9BF673F84C56}.Debug|Any CPU.ActiveCfg = Debug|Any CPU
		{80A418A5-AF73-47E0-A41E-9BF673F84C56}.Debug|Any CPU.Build.0 = Debug|Any CPU
		{80A418A5-AF73-47E0-A41E-9BF673F84C56}.Release|Any CPU.ActiveCfg = Release|Any CPU
		{80A418A5-AF73-47E0-A41E-9BF673F84C56}.Release|Any CPU.Build.0 = Release|Any CPU
		{3B1FE719-ABC6-4DB6-8203-AD0E0A6295C5}.Debug|Any CPU.ActiveCfg = Debug|Any CPU
		{3B1FE719-ABC6-4DB6-8203-AD0E0A6295C5}.Debug|Any CPU.Build.0 = Debug|Any CPU
		{3B1FE719-ABC6-4DB6-8203-AD0E0A6295C5}.Debug|Any CPU.Deploy.0 = Debug|Any CPU
		{3B1FE719-ABC6-4DB6-8203-AD0E0A6295C5}.Release|Any CPU.ActiveCfg = Release|Any CPU
		{3B1FE719-ABC6-4DB6-8203-AD0E0A6295C5}.Release|Any CPU.Build.0 = Release|Any CPU
		{3B1FE719-ABC6-4DB6-8203-AD0E0A6295C5}.Release|Any CPU.Deploy.0 = Release|Any CPU
		{3670DD86-B588-40B7-937A-2B2670C64FF0}.Debug|Any CPU.ActiveCfg = Debug|Any CPU
		{3670DD86-B588-40B7-937A-2B2670C64FF0}.Debug|Any CPU.Build.0 = Debug|Any CPU
		{3670DD86-B588-40B7-937A-2B2670C64FF0}.Release|Any CPU.ActiveCfg = Release|Any CPU
		{3670DD86-B588-40B7-937A-2B2670C64FF0}.Release|Any CPU.Build.0 = Release|Any CPU
	EndGlobalSection
	GlobalSection(SolutionProperties) = preSolution
		HideSolutionNode = FALSE
	EndGlobalSection
	GlobalSection(NestedProjects) = preSolution
		{3B1FE719-ABC6-4DB6-8203-AD0E0A6295C5} = {C81EA3A8-F88D-4888-B46F-1A374E962D4F}
		{3670DD86-B588-40B7-937A-2B2670C64FF0} = {C81EA3A8-F88D-4888-B46F-1A374E962D4F}
		{CEAF8750-C755-4606-AE14-9EE53DB06F54} = {B92EE42D-0667-403F-9A92-BAAFEBC43167}
		{D195ACD0-4BF7-4DEE-B205-08AE8467CFD8} = {B92EE42D-0667-403F-9A92-BAAFEBC43167}
		{259895DB-CE13-45EA-84D8-BE5F7EB33092} = {D195ACD0-4BF7-4DEE-B205-08AE8467CFD8}
		{D980EEA8-67AD-4093-90F1-7CB572B34C00} = {259895DB-CE13-45EA-84D8-BE5F7EB33092}
		{D1785EE6-F471-4BF2-BD82-8C75D28DB57C} = {259895DB-CE13-45EA-84D8-BE5F7EB33092}
		{80A418A5-AF73-47E0-A41E-9BF673F84C56} = {D980EEA8-67AD-4093-90F1-7CB572B34C00}
		{5C544A65-FEFD-4C7A-A4DF-EBD67FFF3F5F} = {D1785EE6-F471-4BF2-BD82-8C75D28DB57C}
	EndGlobalSection
EndGlobal
